{
    "_readme": [
        "This file locks the dependencies of your project to a known state",
        "Read more about it at https://getcomposer.org/doc/01-basic-usage.md#installing-dependencies",
        "This file is @generated automatically"
    ],
    "content-hash": "c0b57a0e31e48b22900d1ab16621d596",
    "packages": [
        {
            "name": "symfony/process",
            "version": "v3.4.35",
            "source": {
                "type": "git",
                "url": "https://github.com/symfony/process.git",
                "reference": "c19da50bc3e8fa7d60628fdb4ab5d67de534cf3e"
            },
            "dist": {
                "type": "zip",
                "url": "https://api.github.com/repos/symfony/process/zipball/c19da50bc3e8fa7d60628fdb4ab5d67de534cf3e",
                "reference": "c19da50bc3e8fa7d60628fdb4ab5d67de534cf3e",
                "shasum": ""
            },
            "require": {
                "php": "^5.5.9|>=7.0.8"
            },
            "type": "library",
            "extra": {
                "branch-alias": {
                    "dev-master": "3.4-dev"
                }
            },
            "autoload": {
                "psr-4": {
                    "Symfony\\Component\\Process\\": ""
                },
                "exclude-from-classmap": [
                    "/Tests/"
                ]
            },
            "notification-url": "https://packagist.org/downloads/",
            "license": [
                "MIT"
            ],
            "authors": [
                {
                    "name": "Fabien Potencier",
                    "email": "fabien@symfony.com"
                },
                {
                    "name": "Symfony Community",
                    "homepage": "https://symfony.com/contributors"
                }
            ],
            "description": "Symfony Process Component",
            "homepage": "https://symfony.com",
            "time": "2019-10-24T15:33:53+00:00"
        },
        {
            "name": "totten/process-helper",
            "version": "v1.0.1",
            "source": {
                "type": "git",
                "url": "https://github.com/totten/process-helper.git",
                "reference": "4cd78744c60ca8fff3a1a1e453e53a8e099d9c4e"
            },
            "dist": {
                "type": "zip",
                "url": "https://api.github.com/repos/totten/process-helper/zipball/4cd78744c60ca8fff3a1a1e453e53a8e099d9c4e",
                "reference": "4cd78744c60ca8fff3a1a1e453e53a8e099d9c4e",
                "shasum": ""
            },
            "require": {
                "symfony/process": "^2.0 || ^3.0 || ^4.0"
            },
            "type": "library",
            "autoload": {
                "psr-4": {
                    "ProcessHelper\\": "src/"
                }
            },
            "notification-url": "https://packagist.org/downloads/",
            "license": [
                "BSD-2-Clause"
            ],
            "authors": [
                {
                    "name": "Tim Otten",
                    "email": "totten@civicrm.org"
                }
            ],
            "description": "Some quick sugar for working with Symfony Process",
            "time": "2019-08-09T07:44:46+00:00"
        }
    ],
    "packages-dev": [],
    "aliases": [],
    "minimum-stability": "stable",
    "stability-flags": [],
    "prefer-stable": false,
    "prefer-lowest": false,
    "platform": {
        "php": ">=5.3.3"
    },
    "platform-dev": []
}
